<?xml version="1.0" encoding="utf-8"?>
<Project ToolsVersion="4.0" xmlns="http://schemas.microsoft.com/developer/msbuild/2003">
  <ItemGroup>
    <Filter Include="소스 파일">
      <UniqueIdentifier>{4FC737F1-C7A5-4376-A066-2A32D752A2FF}</UniqueIdentifier>
      <Extensions>cpp;c;cc;cxx;c++;cppm;ixx;def;odl;idl;hpj;bat;asm;asmx</Extensions>
    </Filter>
    <Filter Include="헤더 파일">
      <UniqueIdentifier>{93995380-89BD-4b04-88EB-625FBE52EBFB}</UniqueIdentifier>
      <Extensions>h;hh;hpp;hxx;h++;hm;inl;inc;ipp;xsd</Extensions>
    </Filter>
    <Filter Include="리소스 파일">
      <UniqueIdentifier>{67DA6AB6-F800-4c08-8B7A-83BB121AAD01}</UniqueIdentifier>
      <Extensions>rc;ico;cur;bmp;dlg;rc2;rct;bin;rgs;gif;jpg;jpeg;jpe;resx;tiff;tif;png;wav;mfcribbon-ms</Extensions>
    </Filter>
    <Filter Include="hint">
      <UniqueIdentifier>{2c1eb011-c04a-43f3-8120-5ccd635442f5}</UniqueIdentifier>
    </Filter>
    <Filter Include="Reflection">
      <UniqueIdentifier>{80c271d1-95ac-473a-bfcd-c454ec7fe139}</UniqueIdentifier>
    </Filter>
    <Filter Include="VisualScript">
      <UniqueIdentifier>{dceb8726-fbcc-4ae2-a92c-bce7e0576deb}</UniqueIdentifier>
    </Filter>
  </ItemGroup>
  <ItemGroup>
    <ClInclude Include="hash.h">
      <Filter>헤더 파일</Filter>
    </ClInclude>
    <ClInclude Include="CommonMacro.h">
      <Filter>헤더 파일</Filter>
    </ClInclude>
    <ClInclude Include="Method.h">
      <Filter>Reflection</Filter>
    </ClInclude>
    <ClInclude Include="MethodMacro.h">
      <Filter>Reflection</Filter>
    </ClInclude>
    <ClInclude Include="Property.h">
      <Filter>Reflection</Filter>
    </ClInclude>
    <ClInclude Include="PropertyMacro.h">
      <Filter>Reflection</Filter>
    </ClInclude>
    <ClInclude Include="Reflection.h">
      <Filter>Reflection</Filter>
    </ClInclude>
    <ClInclude Include="Type.h">
      <Filter>Reflection</Filter>
    </ClInclude>
    <ClInclude Include="TypeMacro.h">
      <Filter>Reflection</Filter>
    </ClInclude>
    <ClInclude Include="VisualScriptNode.h">
      <Filter>VisualScript</Filter>
    </ClInclude>
    <ClInclude Include="TypeName.h">
      <Filter>Reflection</Filter>
    </ClInclude>
  </ItemGroup>
  <ItemGroup>
    <None Include="cpp.hint" />
  </ItemGroup>
  <ItemGroup>
    <ClCompile Include="Type.cpp">
      <Filter>Reflection</Filter>
    </ClCompile>
  </ItemGroup>
</Project>